id: bank_block
category: banking
title: "Банк заблокировал счёт по 115-ФЗ"
blurb: "Банк заморозил счёт или карту, ссылаясь на подозрительные операции или финансовый мониторинг."
examples: "Блокировка карты/счёта, запрос документов о происхождении средств, отказ в проведении операции"
document_type: zayavlenie
template_file: null

header_fields:
  - label: "Руководителю"
    field: bank_name
  - label: "От:"
    field: user_full_name
  - field: user_address
  - prefix: "тел. "
    field: user_phone
  - field: user_email

system_prompt: |
  Гибридный режим: структура документа рендерится через python_template,
  LLM перефразирует только {{llm_narrative}}.

python_template: |
  [calculated_intro_section]

  [calculated_notification_section]

  {{llm_narrative}}

  [calculated_legal_section]

  [calculated_demand_section]

  К заявлению прилагаются: копия паспорта, документы, подтверждающие законность происхождения средств и характер операций (договоры, выписки, справки о доходах).

  _________________ / _________________

narrative_fields:
  - problem_desc

narrative_prompt: |
  Опиши на юридическом языке: когда и какой счёт/карта были заблокированы, какую причину указал банк.
  Если bank_notification = not_notified — укажи нарушение ст. 7 ч. 5.2 №115-ФЗ (банк не уведомил клиента письменно).
  Если указана сумма заблокированных средств — включи её.
  Используй только данные из формы.

wizard_steps:
  - title: "Банк и счёт"
    fields:
      - id: bank_name
        type: text
        label: "Название банка"
        placeholder: "Сбербанк, ВТБ, Тинькофф…"
        required: true
      - id: account_number
        type: text
        label: "Номер счёта или последние цифры карты"
        placeholder: "40817810… или **** 1234"
      - id: violation_date
        type: date
        label: "Дата блокировки"
        required: true
      - id: amount
        type: number
        label: "Сумма заблокированных средств, ₽"
        placeholder: "150000"
        hint: "Укажите, если знаете точную сумму"
  - title: "Позиция банка"
    fields:
      - id: block_reason
        type: radio
        label: "Причина блокировки (по версии банка)"
        required: true
        options:
          - value: suspicious_operations
            label: "Подозрительные операции (без конкретики)"
          - value: source_of_funds
            label: "Не подтверждено происхождение средств"
          - value: 115fz_monitoring
            label: "Финансовый мониторинг / 115-ФЗ (общая формулировка)"
          - value: other
            label: "Другое / не объяснили"
      - id: bank_notification
        type: radio
        label: "Банк уведомил вас о блокировке письменно?"
        required: true
        options:
          - value: yes_notified
            label: "Да, прислали уведомление"
          - value: not_notified
            label: "Нет, не уведомили"
          - value: verbal
            label: "Только устно или через приложение/чат"
      - id: problem_desc
        type: textarea
        label: "Опишите ситуацию подробнее"
        placeholder: "Что именно произошло, какие операции вызвали вопросы, что говорит банк"
        required: true

legal_refs:
  - law: "ФЗ от 07.08.2001 №115-ФЗ «О противодействии легализации доходов» (ст. 7)"
    url: "https://www.consultant.ru/document/cons_doc_LAW_32834/"
  - law: "ГК РФ ст. 845, 856 — обязанности и ответственность банка"
    url: "https://www.consultant.ru/document/cons_doc_LAW_5142/"
  - law: "Интернет-приёмная Банка России"
    url: "https://www.cbr.ru/reception/"
